
Microsoft Visual Studio Solution File, Format Version 12.00
# Visual Studio 15
VisualStudioVersion = 15.0.25807.0
MinimumVisualStudioVersion = 10.0.40219.1
Project("{FAE04EC0-301F-11D3-BF4B-00C04F79EFBC}") = "ScriptCs.Launcher.Wpf", "ScriptCs.Launcher.Wpf\ScriptCs.Launcher.Wpf.csproj", "{1648ED2F-D053-46C9-B15E-8CBE6DE157D5}"
EndProject
Project("{FAE04EC0-301F-11D3-BF4B-00C04F79EFBC}") = "ScriptCs.Launcher", "ScriptCs.Launcher\ScriptCs.Launcher.csproj", "{FEF3E574-4627-4F6D-9F58-63BC8F4457AB}"
EndProject
Project("{2150E333-8FDC-42A3-9474-1A3956D46DE8}") = "testing", "testing", "{AF75BA89-7858-4B78-BD79-74A73372050B}"
	ProjectSection(SolutionItems) = preProject
		testing\longRunning.bat = testing\longRunning.bat
		testing\longRunning.csx = testing\longRunning.csx
	EndProjectSection
EndProject
Global
	GlobalSection(SolutionConfigurationPlatforms) = preSolution
		Debug|Any CPU = Debug|Any CPU
		Release|Any CPU = Release|Any CPU
	EndGlobalSection
	GlobalSection(ProjectConfigurationPlatforms) = postSolution
		{1648ED2F-D053-46C9-B15E-8CBE6DE157D5}.Debug|Any CPU.ActiveCfg = Debug|Any CPU
		{1648ED2F-D053-46C9-B15E-8CBE6DE157D5}.Debug|Any CPU.Build.0 = Debug|Any CPU
		{1648ED2F-D053-46C9-B15E-8CBE6DE157D5}.Release|Any CPU.ActiveCfg = Release|Any CPU
		{1648ED2F-D053-46C9-B15E-8CBE6DE157D5}.Release|Any CPU.Build.0 = Release|Any CPU
		{FEF3E574-4627-4F6D-9F58-63BC8F4457AB}.Debug|Any CPU.ActiveCfg = Debug|Any CPU
		{FEF3E574-4627-4F6D-9F58-63BC8F4457AB}.Debug|Any CPU.Build.0 = Debug|Any CPU
		{FEF3E574-4627-4F6D-9F58-63BC8F4457AB}.Release|Any CPU.ActiveCfg = Release|Any CPU
		{FEF3E574-4627-4F6D-9F58-63BC8F4457AB}.Release|Any CPU.Build.0 = Release|Any CPU
	EndGlobalSection
	GlobalSection(SolutionProperties) = preSolution
		HideSolutionNode = FALSE
	EndGlobalSection
EndGlobal
